
Microsoft Visual Studio Solution File, Format Version 12.00
# Visual Studio Version 17
VisualStudioVersion = 17.0.31903.59
MinimumVisualStudioVersion = 10.0.40219.1
Project("{FAE04EC0-301F-11D3-BF4B-00C04F79EFBC}") = "AltUnityWebdriver", "AltUnityWebdriver\AltUnityWebdriver.csproj", "{9773B1B4-C9E4-4813-A3D3-A077145BCAA9}"
EndProject
Project("{FAE04EC0-301F-11D3-BF4B-00C04F79EFBC}") = "AppiumWebdriver", "AppiumWebdriver\AppiumWebdriver.csproj", "{C28135BD-DE33-4D20-97C0-C9036D634E9C}"
EndProject
Project("{FAE04EC0-301F-11D3-BF4B-00C04F79EFBC}") = "SeleniumWebdriver", "SeleniumWebdriver\SeleniumWebdriver.csproj", "{8480B15C-CBD4-4872-9105-6A94F769BED5}"
EndProject
Global
	GlobalSection(SolutionConfigurationPlatforms) = preSolution
		Debug|Any CPU = Debug|Any CPU
		Release|Any CPU = Release|Any CPU
	EndGlobalSection
	GlobalSection(ProjectConfigurationPlatforms) = postSolution
		{9773B1B4-C9E4-4813-A3D3-A077145BCAA9}.Debug|Any CPU.ActiveCfg = Debug|Any CPU
		{9773B1B4-C9E4-4813-A3D3-A077145BCAA9}.Debug|Any CPU.Build.0 = Debug|Any CPU
		{9773B1B4-C9E4-4813-A3D3-A077145BCAA9}.Release|Any CPU.ActiveCfg = Release|Any CPU
		{9773B1B4-C9E4-4813-A3D3-A077145BCAA9}.Release|Any CPU.Build.0 = Release|Any CPU
		{C28135BD-DE33-4D20-97C0-C9036D634E9C}.Debug|Any CPU.ActiveCfg = Debug|Any CPU
		{C28135BD-DE33-4D20-97C0-C9036D634E9C}.Debug|Any CPU.Build.0 = Debug|Any CPU
		{C28135BD-DE33-4D20-97C0-C9036D634E9C}.Release|Any CPU.ActiveCfg = Release|Any CPU
		{C28135BD-DE33-4D20-97C0-C9036D634E9C}.Release|Any CPU.Build.0 = Release|Any CPU
		{8480B15C-CBD4-4872-9105-6A94F769BED5}.Debug|Any CPU.ActiveCfg = Debug|Any CPU
		{8480B15C-CBD4-4872-9105-6A94F769BED5}.Debug|Any CPU.Build.0 = Debug|Any CPU
		{8480B15C-CBD4-4872-9105-6A94F769BED5}.Release|Any CPU.ActiveCfg = Release|Any CPU
		{8480B15C-CBD4-4872-9105-6A94F769BED5}.Release|Any CPU.Build.0 = Release|Any CPU
	EndGlobalSection
	GlobalSection(SolutionProperties) = preSolution
		HideSolutionNode = FALSE
	EndGlobalSection
	GlobalSection(ExtensibilityGlobals) = postSolution
		SolutionGuid = {1B43FE2D-43B3-4C64-9092-2606B075E514}
	EndGlobalSection
EndGlobal
