
Microsoft Visual Studio Solution File, Format Version 12.00
# Visual Studio Version 16
VisualStudioVersion = 16.0.31729.503
MinimumVisualStudioVersion = 10.0.40219.1
Project("{FAE04EC0-301F-11D3-BF4B-00C04F79EFBC}") = "SeleniumWebdriver", "SeleniumWebdriver\SeleniumWebdriver.csproj", "{CB46C591-D7DC-4BCA-A6F3-C5140877285C}"
EndProject
Project("{FAE04EC0-301F-11D3-BF4B-00C04F79EFBC}") = "AppiumWebdriver", "AppiumWebdriver\AppiumWebdriver.csproj", "{6D4BC18F-83AB-42D2-8601-0C28F9DC06C4}"
EndProject
Global
	GlobalSection(SolutionConfigurationPlatforms) = preSolution
		Debug|Any CPU = Debug|Any CPU
		Release|Any CPU = Release|Any CPU
	EndGlobalSection
	GlobalSection(ProjectConfigurationPlatforms) = postSolution
		{CB46C591-D7DC-4BCA-A6F3-C5140877285C}.Debug|Any CPU.ActiveCfg = Debug|Any CPU
		{CB46C591-D7DC-4BCA-A6F3-C5140877285C}.Debug|Any CPU.Build.0 = Debug|Any CPU
		{CB46C591-D7DC-4BCA-A6F3-C5140877285C}.Release|Any CPU.ActiveCfg = Release|Any CPU
		{CB46C591-D7DC-4BCA-A6F3-C5140877285C}.Release|Any CPU.Build.0 = Release|Any CPU
		{6D4BC18F-83AB-42D2-8601-0C28F9DC06C4}.Debug|Any CPU.ActiveCfg = Debug|Any CPU
		{6D4BC18F-83AB-42D2-8601-0C28F9DC06C4}.Debug|Any CPU.Build.0 = Debug|Any CPU
		{6D4BC18F-83AB-42D2-8601-0C28F9DC06C4}.Release|Any CPU.ActiveCfg = Release|Any CPU
		{6D4BC18F-83AB-42D2-8601-0C28F9DC06C4}.Release|Any CPU.Build.0 = Release|Any CPU
	EndGlobalSection
	GlobalSection(SolutionProperties) = preSolution
		HideSolutionNode = FALSE
	EndGlobalSection
	GlobalSection(ExtensibilityGlobals) = postSolution
		SolutionGuid = {EC031185-E37E-453B-9540-107AE967B0FE}
	EndGlobalSection
EndGlobal
